
Microsoft Visual Studio Solution File, Format Version 12.00
# Visual Studio Version 16
VisualStudioVersion = 16.0.29215.179
MinimumVisualStudioVersion = 10.0.40219.1
Project("{FAE04EC0-301F-11D3-BF4B-00C04F79EFBC}") = "SharepointAccess", "SharepointAccess\SharepointAccess.csproj", "{E246AC50-7C49-4C01-AD3C-01E33314D9D9}"
EndProject
Global
	GlobalSection(SolutionConfigurationPlatforms) = preSolution
		Debug|Any CPU = Debug|Any CPU
		Release|Any CPU = Release|Any CPU
	EndGlobalSection
	GlobalSection(ProjectConfigurationPlatforms) = postSolution
		{E246AC50-7C49-4C01-AD3C-01E33314D9D9}.Debug|Any CPU.ActiveCfg = Debug|Any CPU
		{E246AC50-7C49-4C01-AD3C-01E33314D9D9}.Debug|Any CPU.Build.0 = Debug|Any CPU
		{E246AC50-7C49-4C01-AD3C-01E33314D9D9}.Release|Any CPU.ActiveCfg = Release|Any CPU
		{E246AC50-7C49-4C01-AD3C-01E33314D9D9}.Release|Any CPU.Build.0 = Release|Any CPU
	EndGlobalSection
	GlobalSection(SolutionProperties) = preSolution
		HideSolutionNode = FALSE
	EndGlobalSection
	GlobalSection(ExtensibilityGlobals) = postSolution
		SolutionGuid = {6B4A8C08-FB6A-4526-A5D3-BFB9CCE74BDC}
	EndGlobalSection
EndGlobal
